
Microsoft Visual Studio Solution File, Format Version 12.00
# Visual Studio Version 16
VisualStudioVersion = 16.0.31019.35
MinimumVisualStudioVersion = 10.0.40219.1
Project("{2150E333-8FDC-42A3-9474-1A3956D46DE8}") = "Solution Items", "Solution Items", "{6F7C3EBB-2843-404D-973B-E538B7B66FBA}"
	ProjectSection(SolutionItems) = preProject
		.gitattributes = .gitattributes
		.gitignore = .gitignore
		README.md = README.md
		.github\workflows\dotnet.yml = .github\workflows\dotnet.yml
	EndProjectSection
EndProject
Project("{2150E333-8FDC-42A3-9474-1A3956D46DE8}") = "Shared", "Shared", "{04FFEA15-3A77-49A4-947B-A73AAC89B301}"
EndProject
Project("{9A19103F-16F7-4668-BE54-9A1E7A4F7556}") = "Parbad.Sample.Shared", "Shared\Parbad.Sample.Shared.csproj", "{552887EE-6C7D-4F86-A701-36313F299A8C}"
EndProject
Project("{2150E333-8FDC-42A3-9474-1A3956D46DE8}") = "Web", "Web", "{6CACA41F-06EE-403F-8C00-FCA77EEC25A8}"
EndProject
Project("{9A19103F-16F7-4668-BE54-9A1E7A4F7556}") = "Parbad.Sample.AspNetCore", "Web\Parbad.Sample.AspNetCore\Parbad.Sample.AspNetCore.csproj", "{92843B87-72B3-4B9B-9347-96D3470EC052}"
EndProject
Project("{FAE04EC0-301F-11D3-BF4B-00C04F79EFBC}") = "Parbad.Sample.Mvc", "Web\Parbad.Sample.Mvc\Parbad.Sample.Mvc.csproj", "{3A52916C-717C-46AA-B8C1-2D193B1C065B}"
EndProject
Project("{FAE04EC0-301F-11D3-BF4B-00C04F79EFBC}") = "Parbad.Sample.WebForm", "Web\Parbad.Sample.WebForm\Parbad.Sample.WebForm.csproj", "{C959900B-EAC6-46EE-97EA-09BD0B4428B1}"
EndProject
Project("{9A19103F-16F7-4668-BE54-9A1E7A4F7556}") = "Parbad.Sample.Angular", "Web\Parbad.Sample.Angular\Parbad.Sample.Angular.csproj", "{0F3E3CE9-A10E-4EF9-A657-25F2F09C9B32}"
EndProject
Project("{2150E333-8FDC-42A3-9474-1A3956D46DE8}") = "Storage", "Storage", "{B26653D7-5ABB-4274-A8E9-F183D9547F47}"
EndProject
Project("{9A19103F-16F7-4668-BE54-9A1E7A4F7556}") = "Parbad.Sample.EntityFrameworkCore", "Storage\Parbad.Sample.EntityFrameworkCore\Parbad.Sample.EntityFrameworkCore.csproj", "{709CED44-2387-442C-A0F8-C24D6A56AD22}"
EndProject
Project("{2150E333-8FDC-42A3-9474-1A3956D46DE8}") = "CustomStorage", "CustomStorage", "{F3E1C44E-6D91-4EF5-AA47-2C9AB2FEA199}"
EndProject
Project("{9A19103F-16F7-4668-BE54-9A1E7A4F7556}") = "Parbad.Sample.CustomStorage", "Storage\CustomStorage\Parbad.Sample.CustomStorage\Parbad.Sample.CustomStorage.csproj", "{E3CE1E3E-030F-473D-AC78-A6293670A46E}"
EndProject
Project("{FAE04EC0-301F-11D3-BF4B-00C04F79EFBC}") = "Parbad.Sample.CustomStorage.Infrastructure", "Storage\CustomStorage\Parbad.Sample.CustomStorage.Infrastructure\Parbad.Sample.CustomStorage.Infrastructure.csproj", "{24D38C9B-1759-480C-BEEE-537A0174A322}"
EndProject
Global
	GlobalSection(SolutionConfigurationPlatforms) = preSolution
		Debug|Any CPU = Debug|Any CPU
		Release|Any CPU = Release|Any CPU
	EndGlobalSection
	GlobalSection(ProjectConfigurationPlatforms) = postSolution
		{552887EE-6C7D-4F86-A701-36313F299A8C}.Debug|Any CPU.ActiveCfg = Debug|Any CPU
		{552887EE-6C7D-4F86-A701-36313F299A8C}.Debug|Any CPU.Build.0 = Debug|Any CPU
		{552887EE-6C7D-4F86-A701-36313F299A8C}.Release|Any CPU.ActiveCfg = Release|Any CPU
		{552887EE-6C7D-4F86-A701-36313F299A8C}.Release|Any CPU.Build.0 = Release|Any CPU
		{92843B87-72B3-4B9B-9347-96D3470EC052}.Debug|Any CPU.ActiveCfg = Debug|Any CPU
		{92843B87-72B3-4B9B-9347-96D3470EC052}.Debug|Any CPU.Build.0 = Debug|Any CPU
		{92843B87-72B3-4B9B-9347-96D3470EC052}.Release|Any CPU.ActiveCfg = Release|Any CPU
		{92843B87-72B3-4B9B-9347-96D3470EC052}.Release|Any CPU.Build.0 = Release|Any CPU
		{3A52916C-717C-46AA-B8C1-2D193B1C065B}.Debug|Any CPU.ActiveCfg = Debug|Any CPU
		{3A52916C-717C-46AA-B8C1-2D193B1C065B}.Debug|Any CPU.Build.0 = Debug|Any CPU
		{3A52916C-717C-46AA-B8C1-2D193B1C065B}.Release|Any CPU.ActiveCfg = Release|Any CPU
		{3A52916C-717C-46AA-B8C1-2D193B1C065B}.Release|Any CPU.Build.0 = Release|Any CPU
		{C959900B-EAC6-46EE-97EA-09BD0B4428B1}.Debug|Any CPU.ActiveCfg = Debug|Any CPU
		{C959900B-EAC6-46EE-97EA-09BD0B4428B1}.Debug|Any CPU.Build.0 = Debug|Any CPU
		{C959900B-EAC6-46EE-97EA-09BD0B4428B1}.Release|Any CPU.ActiveCfg = Release|Any CPU
		{C959900B-EAC6-46EE-97EA-09BD0B4428B1}.Release|Any CPU.Build.0 = Release|Any CPU
		{0F3E3CE9-A10E-4EF9-A657-25F2F09C9B32}.Debug|Any CPU.ActiveCfg = Debug|Any CPU
		{0F3E3CE9-A10E-4EF9-A657-25F2F09C9B32}.Debug|Any CPU.Build.0 = Debug|Any CPU
		{0F3E3CE9-A10E-4EF9-A657-25F2F09C9B32}.Release|Any CPU.ActiveCfg = Release|Any CPU
		{0F3E3CE9-A10E-4EF9-A657-25F2F09C9B32}.Release|Any CPU.Build.0 = Release|Any CPU
		{709CED44-2387-442C-A0F8-C24D6A56AD22}.Debug|Any CPU.ActiveCfg = Debug|Any CPU
		{709CED44-2387-442C-A0F8-C24D6A56AD22}.Debug|Any CPU.Build.0 = Debug|Any CPU
		{709CED44-2387-442C-A0F8-C24D6A56AD22}.Release|Any CPU.ActiveCfg = Release|Any CPU
		{709CED44-2387-442C-A0F8-C24D6A56AD22}.Release|Any CPU.Build.0 = Release|Any CPU
		{E3CE1E3E-030F-473D-AC78-A6293670A46E}.Debug|Any CPU.ActiveCfg = Debug|Any CPU
		{E3CE1E3E-030F-473D-AC78-A6293670A46E}.Debug|Any CPU.Build.0 = Debug|Any CPU
		{E3CE1E3E-030F-473D-AC78-A6293670A46E}.Release|Any CPU.ActiveCfg = Release|Any CPU
		{E3CE1E3E-030F-473D-AC78-A6293670A46E}.Release|Any CPU.Build.0 = Release|Any CPU
		{24D38C9B-1759-480C-BEEE-537A0174A322}.Debug|Any CPU.ActiveCfg = Debug|Any CPU
		{24D38C9B-1759-480C-BEEE-537A0174A322}.Debug|Any CPU.Build.0 = Debug|Any CPU
		{24D38C9B-1759-480C-BEEE-537A0174A322}.Release|Any CPU.ActiveCfg = Release|Any CPU
		{24D38C9B-1759-480C-BEEE-537A0174A322}.Release|Any CPU.Build.0 = Release|Any CPU
	EndGlobalSection
	GlobalSection(SolutionProperties) = preSolution
		HideSolutionNode = FALSE
	EndGlobalSection
	GlobalSection(NestedProjects) = preSolution
		{552887EE-6C7D-4F86-A701-36313F299A8C} = {04FFEA15-3A77-49A4-947B-A73AAC89B301}
		{92843B87-72B3-4B9B-9347-96D3470EC052} = {6CACA41F-06EE-403F-8C00-FCA77EEC25A8}
		{3A52916C-717C-46AA-B8C1-2D193B1C065B} = {6CACA41F-06EE-403F-8C00-FCA77EEC25A8}
		{C959900B-EAC6-46EE-97EA-09BD0B4428B1} = {6CACA41F-06EE-403F-8C00-FCA77EEC25A8}
		{0F3E3CE9-A10E-4EF9-A657-25F2F09C9B32} = {6CACA41F-06EE-403F-8C00-FCA77EEC25A8}
		{709CED44-2387-442C-A0F8-C24D6A56AD22} = {B26653D7-5ABB-4274-A8E9-F183D9547F47}
		{F3E1C44E-6D91-4EF5-AA47-2C9AB2FEA199} = {B26653D7-5ABB-4274-A8E9-F183D9547F47}
		{E3CE1E3E-030F-473D-AC78-A6293670A46E} = {F3E1C44E-6D91-4EF5-AA47-2C9AB2FEA199}
		{24D38C9B-1759-480C-BEEE-537A0174A322} = {F3E1C44E-6D91-4EF5-AA47-2C9AB2FEA199}
	EndGlobalSection
	GlobalSection(ExtensibilityGlobals) = postSolution
		SolutionGuid = {76017626-3C61-41AA-8A56-198917F54160}
	EndGlobalSection
EndGlobal
